
Microsoft Visual Studio Solution File, Format Version 12.00
# Visual Studio Version 17
VisualStudioVersion = 17.9.34723.18
MinimumVisualStudioVersion = 10.0.40219.1
Project("{FAE04EC0-301F-11D3-BF4B-00C04F79EFBC}") = "CalculadoraSimples", "CalculadoraSimples.csproj", "{13A13375-B9BB-435B-AD78-4A4EC344B177}"
EndProject
Global
	GlobalSection(SolutionConfigurationPlatforms) = preSolution
		Debug|Any CPU = Debug|Any CPU
		Release|Any CPU = Release|Any CPU
	EndGlobalSection
	GlobalSection(ProjectConfigurationPlatforms) = postSolution
		{13A13375-B9BB-435B-AD78-4A4EC344B177}.Debug|Any CPU.ActiveCfg = Debug|Any CPU
		{13A13375-B9BB-435B-AD78-4A4EC344B177}.Debug|Any CPU.Build.0 = Debug|Any CPU
		{13A13375-B9BB-435B-AD78-4A4EC344B177}.Release|Any CPU.ActiveCfg = Release|Any CPU
		{13A13375-B9BB-435B-AD78-4A4EC344B177}.Release|Any CPU.Build.0 = Release|Any CPU
	EndGlobalSection
	GlobalSection(SolutionProperties) = preSolution
		HideSolutionNode = FALSE
	EndGlobalSection
	GlobalSection(ExtensibilityGlobals) = postSolution
		SolutionGuid = {E5EF2E07-38DA-4D0A-8829-8B6E1470A13C}
	EndGlobalSection
EndGlobal
